// !$*UTF8*$!
{
	archiveVersion = 1;
	classes = {
	};
	objectVersion = 55;
	objects = {

/* Begin PBXBuildFile section */
		DF33AB7E28083BDE00781B6B /* game.swift in Sources */ = {isa = PBXBuildFile; fileRef = DF33AB7D28083BDE00781B6B /* game.swift */; };
		DF52D227282D0E7D00A56D77 /* weapon.swift in Sources */ = {isa = PBXBuildFile; fileRef = DF52D226282D0E7D00A56D77 /* weapon.swift */; };
		DF52D229282D0E9D00A56D77 /* IronFist.swift in Sources */ = {isa = PBXBuildFile; fileRef = DF52D228282D0E9D00A56D77 /* IronFist.swift */; };
		DF52D22B282D0EDA00A56D77 /* sword.swift in Sources */ = {isa = PBXBuildFile; fileRef = DF52D22A282D0EDA00A56D77 /* sword.swift */; };
		DF52D22D282D0F0C00A56D77 /* staff.swift in Sources */ = {isa = PBXBuildFile; fileRef = DF52D22C282D0F0C00A56D77 /* staff.swift */; };
		DF52D22F282D0F6000A56D77 /* hammer.swift in Sources */ = {isa = PBXBuildFile; fileRef = DF52D22E282D0F6000A56D77 /* hammer.swift */; };
		DFDFC30728083BBB006D3976 /* characters.swift in Sources */ = {isa = PBXBuildFile; fileRef = DFDFC30328083BBB006D3976 /* characters.swift */; };
		DFDFC30928083BBB006D3976 /* player.swift in Sources */ = {isa = PBXBuildFile; fileRef = DFDFC30528083BBB006D3976 /* player.swift */; };
/* End PBXBuildFile section */

/* Begin PBXCopyFilesBuildPhase section */
		DFDFC2F728083B6B006D3976 /* CopyFiles */ = {
			isa = PBXCopyFilesBuildPhase;
			buildActionMask = 2147483647;
			dstPath = /usr/share/man/man1/;
			dstSubfolderSpec = 0;
			files = (
			);
			runOnlyForDeploymentPostprocessing = 1;
		};
/* End PBXCopyFilesBuildPhase section */

/* Begin PBXFileReference section */
		DF33AB7D28083BDE00781B6B /* game.swift */ = {isa = PBXFileReference; fileEncoding = 4; lastKnownFileType = sourcecode.swift; path = game.swift; sourceTree = "<group>"; };
		DF52D226282D0E7D00A56D77 /* weapon.swift */ = {isa = PBXFileReference; lastKnownFileType = sourcecode.swift; path = weapon.swift; sourceTree = "<group>"; };
		DF52D228282D0E9D00A56D77 /* IronFist.swift */ = {isa = PBXFileReference; lastKnownFileType = sourcecode.swift; path = IronFist.swift; sourceTree = "<group>"; };
		DF52D22A282D0EDA00A56D77 /* sword.swift */ = {isa = PBXFileReference; lastKnownFileType = sourcecode.swift; path = sword.swift; sourceTree = "<group>"; };
		DF52D22C282D0F0C00A56D77 /* staff.swift */ = {isa = PBXFileReference; lastKnownFileType = sourcecode.swift; path = staff.swift; sourceTree = "<group>"; };
		DF52D22E282D0F6000A56D77 /* hammer.swift */ = {isa = PBXFileReference; lastKnownFileType = sourcecode.swift; path = hammer.swift; sourceTree = "<group>"; };
		DFDFC2F928083B6B006D3976 /* P3 */ = {isa = PBXFileReference; explicitFileType = "compiled.mach-o.executable"; includeInIndex = 0; path = P3; sourceTree = BUILT_PRODUCTS_DIR; };
		DFDFC30328083BBB006D3976 /* characters.swift */ = {isa = PBXFileReference; fileEncoding = 4; lastKnownFileType = sourcecode.swift; path = characters.swift; sourceTree = "<group>"; };
		DFDFC30528083BBB006D3976 /* player.swift */ = {isa = PBXFileReference; fileEncoding = 4; lastKnownFileType = sourcecode.swift; path = player.swift; sourceTree = "<group>"; };
/* End PBXFileReference section */

/* Begin PBXFrameworksBuildPhase section */
		DFDFC2F628083B6B006D3976 /* Frameworks */ = {
			isa = PBXFrameworksBuildPhase;
			buildActionMask = 2147483647;
			files = (
			);
			runOnlyForDeploymentPostprocessing = 0;
		};
/* End PBXFrameworksBuildPhase section */

/* Begin PBXGroup section */
		DF52D225282D0E6A00A56D77 /* weapon */ = {
			isa = PBXGroup;
			children = (
				DF52D226282D0E7D00A56D77 /* weapon.swift */,
				DF52D22A282D0EDA00A56D77 /* sword.swift */,
				DF52D228282D0E9D00A56D77 /* IronFist.swift */,
				DF52D22C282D0F0C00A56D77 /* staff.swift */,
				DF52D22E282D0F6000A56D77 /* hammer.swift */,
			);
			path = weapon;
			sourceTree = "<group>";
		};
		DFDFC2F028083B6B006D3976 = {
			isa = PBXGroup;
			children = (
				DFDFC2FB28083B6B006D3976 /* P3 */,
				DFDFC2FA28083B6B006D3976 /* Products */,
			);
			sourceTree = "<group>";
		};
		DFDFC2FA28083B6B006D3976 /* Products */ = {
			isa = PBXGroup;
			children = (
				DFDFC2F928083B6B006D3976 /* P3 */,
			);
			name = Products;
			sourceTree = "<group>";
		};
		DFDFC2FB28083B6B006D3976 /* P3 */ = {
			isa = PBXGroup;
			children = (
				DF52D225282D0E6A00A56D77 /* weapon */,
				DFDFC30328083BBB006D3976 /* characters.swift */,
				DFDFC30528083BBB006D3976 /* player.swift */,
				DF33AB7D28083BDE00781B6B /* game.swift */,
			);
			path = P3;
			sourceTree = "<group>";
		};
/* End PBXGroup section */

/* Begin PBXNativeTarget section */
		DFDFC2F828083B6B006D3976 /* P3 */ = {
			isa = PBXNativeTarget;
			buildConfigurationList = DFDFC30028083B6B006D3976 /* Build configuration list for PBXNativeTarget "P3" */;
			buildPhases = (
				DFDFC2F528083B6B006D3976 /* Sources */,
				DFDFC2F628083B6B006D3976 /* Frameworks */,
				DFDFC2F728083B6B006D3976 /* CopyFiles */,
			);
			buildRules = (
			);
			dependencies = (
			);
			name = P3;
			productName = P3;
			productReference = DFDFC2F928083B6B006D3976 /* P3 */;
			productType = "com.apple.product-type.tool";
		};
/* End PBXNativeTarget section */

/* Begin PBXProject section */
		DFDFC2F128083B6B006D3976 /* Project object */ = {
			isa = PBXProject;
			attributes = {
				BuildIndependentTargetsInParallel = 1;
				LastSwiftUpdateCheck = 1330;
				LastUpgradeCheck = 1330;
				TargetAttributes = {
					DFDFC2F828083B6B006D3976 = {
						CreatedOnToolsVersion = 13.3.1;
					};
				};
			};
			buildConfigurationList = DFDFC2F428083B6B006D3976 /* Build configuration list for PBXProject "P3" */;
			compatibilityVersion = "Xcode 13.0";
			developmentRegion = en;
			hasScannedForEncodings = 0;
			knownRegions = (
				en,
				Base,
			);
			mainGroup = DFDFC2F028083B6B006D3976;
			productRefGroup = DFDFC2FA28083B6B006D3976 /* Products */;
			projectDirPath = "";
			projectRoot = "";
			targets = (
				DFDFC2F828083B6B006D3976 /* P3 */,
			);
		};
/* End PBXProject section */

/* Begin PBXSourcesBuildPhase section */
		DFDFC2F528083B6B006D3976 /* Sources */ = {
			isa = PBXSourcesBuildPhase;
			buildActionMask = 2147483647;
			files = (
				DFDFC30928083BBB006D3976 /* player.swift in Sources */,
				DF52D229282D0E9D00A56D77 /* IronFist.swift in Sources */,
				DF33AB7E28083BDE00781B6B /* game.swift in Sources */,
				DF52D227282D0E7D00A56D77 /* weapon.swift in Sources */,
				DF52D22F282D0F6000A56D77 /* hammer.swift in Sources */,
				DF52D22B282D0EDA00A56D77 /* sword.swift in Sources */,
				DF52D22D282D0F0C00A56D77 /* staff.swift in Sources */,
				DFDFC30728083BBB006D3976 /* characters.swift in Sources */,
			);
			runOnlyForDeploymentPostprocessing = 0;
		};
/* End PBXSourcesBuildPhase section */

/* Begin XCBuildConfiguration section */
		DFDFC2FE28083B6B006D3976 /* Debug */ = {
			isa = XCBuildConfiguration;
			buildSettings = {
				ALWAYS_SEARCH_USER_PATHS = NO;
				CLANG_ANALYZER_NONNULL = YES;
				CLANG_ANALYZER_NUMBER_OBJECT_CONVERSION = YES_AGGRESSIVE;
				CLANG_CXX_LANGUAGE_STANDARD = "gnu++17";
				CLANG_ENABLE_MODULES = YES;
				CLANG_ENABLE_OBJC_ARC = YES;
				CLANG_ENABLE_OBJC_WEAK = YES;
				CLANG_WARN_BLOCK_CAPTURE_AUTORELEASING = YES;
				CLANG_WARN_BOOL_CONVERSION = YES;
				CLANG_WARN_COMMA = YES;
				CLANG_WARN_CONSTANT_CONVERSION = YES;
				CLANG_WARN_DEPRECATED_OBJC_IMPLEMENTATIONS = YES;
				CLANG_WARN_DIRECT_OBJC_ISA_USAGE = YES_ERROR;
				CLANG_WARN_DOCUMENTATION_COMMENTS = YES;
				CLANG_WARN_EMPTY_BODY = YES;
				CLANG_WARN_ENUM_CONVERSION = YES;
				CLANG_WARN_INFINITE_RECURSION = YES;
				CLANG_WARN_INT_CONVERSION = YES;
				CLANG_WARN_NON_LITERAL_NULL_CONVERSION = YES;
				CLANG_WARN_OBJC_IMPLICIT_RETAIN_SELF = YES;
				CLANG_WARN_OBJC_LITERAL_CONVERSION = YES;
				CLANG_WARN_OBJC_ROOT_CLASS = YES_ERROR;
				CLANG_WARN_QUOTED_INCLUDE_IN_FRAMEWORK_HEADER = YES;
				CLANG_WARN_RANGE_LOOP_ANALYSIS = YES;
				CLANG_WARN_STRICT_PROTOTYPES = YES;
				CLANG_WARN_SUSPICIOUS_MOVE = YES;
				CLANG_WARN_UNGUARDED_AVAILABILITY = YES_AGGRESSIVE;
				CLANG_WARN_UNREACHABLE_CODE = YES;
				CLANG_WARN__DUPLICATE_METHOD_MATCH = YES;
				COPY_PHASE_STRIP = NO;
				DEBUG_INFORMATION_FORMAT = dwarf;
				ENABLE_STRICT_OBJC_MSGSEND = YES;
				ENABLE_TESTABILITY = YES;
				GCC_C_LANGUAGE_STANDARD = gnu11;
				GCC_DYNAMIC_NO_PIC = NO;
				GCC_NO_COMMON_BLOCKS = YES;
				GCC_OPTIMIZATION_LEVEL = 0;
				GCC_PREPROCESSOR_DEFINITIONS = (
					"DEBUG=1",
					"$(inherited)",
				);
				GCC_WARN_64_TO_32_BIT_CONVERSION = YES;
				GCC_WARN_ABOUT_RETURN_TYPE = YES_ERROR;
				GCC_WARN_UNDECLARED_SELECTOR = YES;
				GCC_WARN_UNINITIALIZED_AUTOS = YES_AGGRESSIVE;
				GCC_WARN_UNUSED_FUNCTION = YES;
				GCC_WARN_UNUSED_VARIABLE = YES;
				MACOSX_DEPLOYMENT_TARGET = 12.2;
				MTL_ENABLE_DEBUG_INFO = INCLUDE_SOURCE;
				MTL_FAST_MATH = YES;
				ONLY_ACTIVE_ARCH = YES;
				SDKROOT = macosx;
				SWIFT_ACTIVE_COMPILATION_CONDITIONS = DEBUG;
				SWIFT_OPTIMIZATION_LEVEL = "-Onone";
			};
			name = Debug;
		};
		DFDFC2FF28083B6B006D3976 /* Release */ = {
			isa = XCBuildConfiguration;
			buildSettings = {
				ALWAYS_SEARCH_USER_PATHS = NO;
				CLANG_ANALYZER_NONNULL = YES;
				CLANG_ANALYZER_NUMBER_OBJECT_CONVERSION = YES_AGGRESSIVE;
				CLANG_CXX_LANGUAGE_STANDARD = "gnu++17";
				CLANG_ENABLE_MODULES = YES;
				CLANG_ENABLE_OBJC_ARC = YES;
				CLANG_ENABLE_OBJC_WEAK = YES;
				CLANG_WARN_BLOCK_CAPTURE_AUTORELEASING = YES;
				CLANG_WARN_BOOL_CONVERSION = YES;
				CLANG_WARN_COMMA = YES;
				CLANG_WARN_CONSTANT_CONVERSION = YES;
				CLANG_WARN_DEPRECATED_OBJC_IMPLEMENTATIONS = YES;
				CLANG_WARN_DIRECT_OBJC_ISA_USAGE = YES_ERROR;
				CLANG_WARN_DOCUMENTATION_COMMENTS = YES;
				CLANG_WARN_EMPTY_BODY = YES;
				CLANG_WARN_ENUM_CONVERSION = YES;
				CLANG_WARN_INFINITE_RECURSION = YES;
				CLANG_WARN_INT_CONVERSION = YES;
				CLANG_WARN_NON_LITERAL_NULL_CONVERSION = YES;
				CLANG_WARN_OBJC_IMPLICIT_RETAIN_SELF = YES;
				CLANG_WARN_OBJC_LITERAL_CONVERSION = YES;
				CLANG_WARN_OBJC_ROOT_CLASS = YES_ERROR;
				CLANG_WARN_QUOTED_INCLUDE_IN_FRAMEWORK_HEADER = YES;
				CLANG_WARN_RANGE_LOOP_ANALYSIS = YES;
				CLANG_WARN_STRICT_PROTOTYPES = YES;
				CLANG_WARN_SUSPICIOUS_MOVE = YES;
				CLANG_WARN_UNGUARDED_AVAILABILITY = YES_AGGRESSIVE;
				CLANG_WARN_UNREACHABLE_CODE = YES;
				CLANG_WARN__DUPLICATE_METHOD_MATCH = YES;
				COPY_PHASE_STRIP = NO;
				DEBUG_INFORMATION_FORMAT = "dwarf-with-dsym";
				ENABLE_NS_ASSERTIONS = NO;
				ENABLE_STRICT_OBJC_MSGSEND = YES;
				GCC_C_LANGUAGE_STANDARD = gnu11;
				GCC_NO_COMMON_BLOCKS = YES;
				GCC_WARN_64_TO_32_BIT_CONVERSION = YES;
				GCC_WARN_ABOUT_RETURN_TYPE = YES_ERROR;
				GCC_WARN_UNDECLARED_SELECTOR = YES;
				GCC_WARN_UNINITIALIZED_AUTOS = YES_AGGRESSIVE;
				GCC_WARN_UNUSED_FUNCTION = YES;
				GCC_WARN_UNUSED_VARIABLE = YES;
				MACOSX_DEPLOYMENT_TARGET = 12.2;
				MTL_ENABLE_DEBUG_INFO = NO;
				MTL_FAST_MATH = YES;
				SDKROOT = macosx;
				SWIFT_COMPILATION_MODE = wholemodule;
				SWIFT_OPTIMIZATION_LEVEL = "-O";
			};
			name = Release;
		};
		DFDFC30128083B6B006D3976 /* Debug */ = {
			isa = XCBuildConfiguration;
			buildSettings = {
				CODE_SIGN_STYLE = Automatic;
				DEVELOPMENT_TEAM = RHQ8KFJ53Z;
				ENABLE_HARDENED_RUNTIME = YES;
				PRODUCT_NAME = "$(TARGET_NAME)";
				SWIFT_VERSION = 5.0;
			};
			name = Debug;
		};
		DFDFC30228083B6B006D3976 /* Release */ = {
			isa = XCBuildConfiguration;
			buildSettings = {
				CODE_SIGN_STYLE = Automatic;
				DEVELOPMENT_TEAM = RHQ8KFJ53Z;
				ENABLE_HARDENED_RUNTIME = YES;
				PRODUCT_NAME = "$(TARGET_NAME)";
				SWIFT_VERSION = 5.0;
			};
			name = Release;
		};
/* End XCBuildConfiguration section */

/* Begin XCConfigurationList section */
		DFDFC2F428083B6B006D3976 /* Build configuration list for PBXProject "P3" */ = {
			isa = XCConfigurationList;
			buildConfigurations = (
				DFDFC2FE28083B6B006D3976 /* Debug */,
				DFDFC2FF28083B6B006D3976 /* Release */,
			);
			defaultConfigurationIsVisible = 0;
			defaultConfigurationName = Release;
		};
		DFDFC30028083B6B006D3976 /* Build configuration list for PBXNativeTarget "P3" */ = {
			isa = XCConfigurationList;
			buildConfigurations = (
				DFDFC30128083B6B006D3976 /* Debug */,
				DFDFC30228083B6B006D3976 /* Release */,
			);
			defaultConfigurationIsVisible = 0;
			defaultConfigurationName = Release;
		};
/* End XCConfigurationList section */
	};
	rootObject = DFDFC2F128083B6B006D3976 /* Project object */;
}
